
Microsoft Visual Studio Solution File, Format Version 12.00
Project("{FAE04EC0-301F-11D3-BF4B-00C04F79EFBC}") = "Guard.Statics", "Guard.Statics\Guard.Statics.csproj", "{9512DA91-9B46-4935-8707-7470111CFCE2}"
EndProject
Project("{2150E333-8FDC-42A3-9474-1A3956D46DE8}") = "GuardSamples", "GuardSamples", "{DF4201AF-C13E-4F56-9FF1-02C4051C0C5D}"
EndProject
Project("{FAE04EC0-301F-11D3-BF4B-00C04F79EFBC}") = "Guard.Exceptions", "Guard.Exceptions\Guard.Exceptions.csproj", "{3425A183-7211-4E63-A2FA-13F07B566C01}"
EndProject
Project("{2150E333-8FDC-42A3-9474-1A3956D46DE8}") = "Nlog", "Nlog", "{A89055CD-3945-4060-A3EB-5EA6CA30C28E}"
EndProject
Project("{FAE04EC0-301F-11D3-BF4B-00C04F79EFBC}") = "NlogAnsiOutput", "NlogAnsiOutput\NlogAnsiOutput.csproj", "{507FEA19-485B-4B4F-AC25-1A271B36575F}"
EndProject
Project("{2150E333-8FDC-42A3-9474-1A3956D46DE8}") = "CodeStyleSamples", "CodeStyleSamples", "{DC9353FA-933C-4119-BBC8-124390BE7E03}"
EndProject
Project("{FAE04EC0-301F-11D3-BF4B-00C04F79EFBC}") = "CodeStyle.Samples", "CodeStyle.Samples\CodeStyle.Samples.csproj", "{D1E842A6-B7B3-4D09-817A-1BA5375681F8}"
EndProject
Project("{2150E333-8FDC-42A3-9474-1A3956D46DE8}") = "Workflow", "Workflow", "{AD060056-9E05-4190-9966-0E64E50B96A1}"
	ProjectSection(SolutionItems) = preProject
		.editorconfig = .editorconfig
		.gitignore = .gitignore
	EndProjectSection
EndProject
Project("{2150E333-8FDC-42A3-9474-1A3956D46DE8}") = "OpenTelemetry", "OpenTelemetry", "{966E2CD3-C3E4-4D82-8E75-CC2070E71C69}"
EndProject
Project("{FAE04EC0-301F-11D3-BF4B-00C04F79EFBC}") = "OpenTelemetry.CronJob.Samples", "OpenTelemetry\OpenTelemetry.CronJob.Samples\OpenTelemetry.CronJob.Samples.csproj", "{0118CC28-5CBA-45E8-ABDC-E7EA9F73D963}"
EndProject
Project("{FAE04EC0-301F-11D3-BF4B-00C04F79EFBC}") = "OpenTelemetry.Instrumentation.BackgroundService", "OpenTelemetry\OpenTelemetry.Instrumentation.BackgroundService\OpenTelemetry.Instrumentation.BackgroundService.csproj", "{B33B2B4C-BC7D-4BF2-93FF-1FB72A9ACE26}"
EndProject
Project("{FAE04EC0-301F-11D3-BF4B-00C04F79EFBC}") = "OpenTelemetry.Shared", "OpenTelemetry\OpenTelemetry.Shared\OpenTelemetry.Shared.csproj", "{4483B1C2-E055-4A1A-BF49-8599D39BA14F}"
EndProject
Project("{FAE04EC0-301F-11D3-BF4B-00C04F79EFBC}") = "OpenTelemetry.WebSocket.Client", "OpenTelemetry\WebSockets\OpenTelemetry.WebSocket.Client\OpenTelemetry.WebSocket.Client.csproj", "{B0A803A9-5584-4050-BADD-A3EA1620E7CA}"
EndProject
Project("{FAE04EC0-301F-11D3-BF4B-00C04F79EFBC}") = "OpenTelemetry.WebSocket.Server", "OpenTelemetry\WebSockets\OpenTelemetry.WebSocket.Server\OpenTelemetry.WebSocket.Server.csproj", "{1EBCF45D-29D7-4D57-95C4-F468B36B4B6D}"
EndProject
Project("{FAE04EC0-301F-11D3-BF4B-00C04F79EFBC}") = "OpenTelemetry.Http.Samples", "OpenTelemetry\Http.Samples\OpenTelemetry.Http.Samples\OpenTelemetry.Http.Samples.csproj", "{5E9C4E3D-78DC-4645-9D7D-6EA391F011D9}"
EndProject
Project("{FAE04EC0-301F-11D3-BF4B-00C04F79EFBC}") = "Countries.Repositories.Postgres", "OpenTelemetry\Http.Samples\Countries.Repositories.Postgres\Countries.Repositories.Postgres.csproj", "{727935D4-DB4B-4306-8D5E-6E4F04B8F941}"
EndProject
Project("{FAE04EC0-301F-11D3-BF4B-00C04F79EFBC}") = "OpenTelemetry.Http.Samples.Client", "OpenTelemetry\Http.Samples\OpenTelemetry.Http.Samples.Client\OpenTelemetry.Http.Samples.Client.csproj", "{BF013CC7-A097-41DC-B1E0-A5A5CFCD4326}"
EndProject
Project("{FAE04EC0-301F-11D3-BF4B-00C04F79EFBC}") = "OpenTelemetry.Http.Samples.Domain", "OpenTelemetry\Http.Samples\OpenTelemetry.Http.Samples.Domain\OpenTelemetry.Http.Samples.Domain.csproj", "{098DFC82-C849-4752-92A1-DE72D9EB2252}"
EndProject
Project("{2150E333-8FDC-42A3-9474-1A3956D46DE8}") = "Http.Samples", "Http.Samples", "{E6802262-9DCE-4266-A795-2C929AC95086}"
EndProject
Project("{2150E333-8FDC-42A3-9474-1A3956D46DE8}") = "ThirdParty", "ThirdParty", "{6C4E738E-3090-44F8-BB1E-10DA493B8A88}"
EndProject
Project("{2150E333-8FDC-42A3-9474-1A3956D46DE8}") = "WebSockets", "WebSockets", "{4294DE15-B7DE-4CFD-AC17-F0661427788F}"
EndProject
Project("{FAE04EC0-301F-11D3-BF4B-00C04F79EFBC}") = "Counties.Client", "OpenTelemetry\ThirdParty\Counties.Client\Counties.Client.csproj", "{9F0BA8DB-9D24-45D7-8EE0-DB6A25C471E9}"
EndProject
Project("{2150E333-8FDC-42A3-9474-1A3956D46DE8}") = "Refit", "Refit", "{A4797B32-5B30-4283-824D-5B6D87C78BD9}"
EndProject
Project("{FAE04EC0-301F-11D3-BF4B-00C04F79EFBC}") = "Refit.Samples", "Refit.Samples\Refit.Samples.csproj", "{3EC91CA8-BC06-4AA7-86FA-BC439B9DAED9}"
EndProject
Global
	GlobalSection(SolutionConfigurationPlatforms) = preSolution
		Debug|Any CPU = Debug|Any CPU
		Release|Any CPU = Release|Any CPU
	EndGlobalSection
	GlobalSection(ProjectConfigurationPlatforms) = postSolution
		{9512DA91-9B46-4935-8707-7470111CFCE2}.Debug|Any CPU.ActiveCfg = Debug|Any CPU
		{9512DA91-9B46-4935-8707-7470111CFCE2}.Debug|Any CPU.Build.0 = Debug|Any CPU
		{9512DA91-9B46-4935-8707-7470111CFCE2}.Release|Any CPU.ActiveCfg = Release|Any CPU
		{9512DA91-9B46-4935-8707-7470111CFCE2}.Release|Any CPU.Build.0 = Release|Any CPU
		{3425A183-7211-4E63-A2FA-13F07B566C01}.Debug|Any CPU.ActiveCfg = Debug|Any CPU
		{3425A183-7211-4E63-A2FA-13F07B566C01}.Debug|Any CPU.Build.0 = Debug|Any CPU
		{3425A183-7211-4E63-A2FA-13F07B566C01}.Release|Any CPU.ActiveCfg = Release|Any CPU
		{3425A183-7211-4E63-A2FA-13F07B566C01}.Release|Any CPU.Build.0 = Release|Any CPU
		{507FEA19-485B-4B4F-AC25-1A271B36575F}.Debug|Any CPU.ActiveCfg = Debug|Any CPU
		{507FEA19-485B-4B4F-AC25-1A271B36575F}.Debug|Any CPU.Build.0 = Debug|Any CPU
		{507FEA19-485B-4B4F-AC25-1A271B36575F}.Release|Any CPU.ActiveCfg = Release|Any CPU
		{507FEA19-485B-4B4F-AC25-1A271B36575F}.Release|Any CPU.Build.0 = Release|Any CPU
		{D1E842A6-B7B3-4D09-817A-1BA5375681F8}.Debug|Any CPU.ActiveCfg = Debug|Any CPU
		{D1E842A6-B7B3-4D09-817A-1BA5375681F8}.Debug|Any CPU.Build.0 = Debug|Any CPU
		{D1E842A6-B7B3-4D09-817A-1BA5375681F8}.Release|Any CPU.ActiveCfg = Release|Any CPU
		{D1E842A6-B7B3-4D09-817A-1BA5375681F8}.Release|Any CPU.Build.0 = Release|Any CPU
		{0118CC28-5CBA-45E8-ABDC-E7EA9F73D963}.Debug|Any CPU.ActiveCfg = Debug|Any CPU
		{0118CC28-5CBA-45E8-ABDC-E7EA9F73D963}.Debug|Any CPU.Build.0 = Debug|Any CPU
		{0118CC28-5CBA-45E8-ABDC-E7EA9F73D963}.Release|Any CPU.ActiveCfg = Release|Any CPU
		{0118CC28-5CBA-45E8-ABDC-E7EA9F73D963}.Release|Any CPU.Build.0 = Release|Any CPU
		{B33B2B4C-BC7D-4BF2-93FF-1FB72A9ACE26}.Debug|Any CPU.ActiveCfg = Debug|Any CPU
		{B33B2B4C-BC7D-4BF2-93FF-1FB72A9ACE26}.Debug|Any CPU.Build.0 = Debug|Any CPU
		{B33B2B4C-BC7D-4BF2-93FF-1FB72A9ACE26}.Release|Any CPU.ActiveCfg = Release|Any CPU
		{B33B2B4C-BC7D-4BF2-93FF-1FB72A9ACE26}.Release|Any CPU.Build.0 = Release|Any CPU
		{4483B1C2-E055-4A1A-BF49-8599D39BA14F}.Debug|Any CPU.ActiveCfg = Debug|Any CPU
		{4483B1C2-E055-4A1A-BF49-8599D39BA14F}.Debug|Any CPU.Build.0 = Debug|Any CPU
		{4483B1C2-E055-4A1A-BF49-8599D39BA14F}.Release|Any CPU.ActiveCfg = Release|Any CPU
		{4483B1C2-E055-4A1A-BF49-8599D39BA14F}.Release|Any CPU.Build.0 = Release|Any CPU
		{B0A803A9-5584-4050-BADD-A3EA1620E7CA}.Debug|Any CPU.ActiveCfg = Debug|Any CPU
		{B0A803A9-5584-4050-BADD-A3EA1620E7CA}.Debug|Any CPU.Build.0 = Debug|Any CPU
		{B0A803A9-5584-4050-BADD-A3EA1620E7CA}.Release|Any CPU.ActiveCfg = Release|Any CPU
		{B0A803A9-5584-4050-BADD-A3EA1620E7CA}.Release|Any CPU.Build.0 = Release|Any CPU
		{1EBCF45D-29D7-4D57-95C4-F468B36B4B6D}.Debug|Any CPU.ActiveCfg = Debug|Any CPU
		{1EBCF45D-29D7-4D57-95C4-F468B36B4B6D}.Debug|Any CPU.Build.0 = Debug|Any CPU
		{1EBCF45D-29D7-4D57-95C4-F468B36B4B6D}.Release|Any CPU.ActiveCfg = Release|Any CPU
		{1EBCF45D-29D7-4D57-95C4-F468B36B4B6D}.Release|Any CPU.Build.0 = Release|Any CPU
		{5E9C4E3D-78DC-4645-9D7D-6EA391F011D9}.Debug|Any CPU.ActiveCfg = Debug|Any CPU
		{5E9C4E3D-78DC-4645-9D7D-6EA391F011D9}.Debug|Any CPU.Build.0 = Debug|Any CPU
		{5E9C4E3D-78DC-4645-9D7D-6EA391F011D9}.Release|Any CPU.ActiveCfg = Release|Any CPU
		{5E9C4E3D-78DC-4645-9D7D-6EA391F011D9}.Release|Any CPU.Build.0 = Release|Any CPU
		{727935D4-DB4B-4306-8D5E-6E4F04B8F941}.Debug|Any CPU.ActiveCfg = Debug|Any CPU
		{727935D4-DB4B-4306-8D5E-6E4F04B8F941}.Debug|Any CPU.Build.0 = Debug|Any CPU
		{727935D4-DB4B-4306-8D5E-6E4F04B8F941}.Release|Any CPU.ActiveCfg = Release|Any CPU
		{727935D4-DB4B-4306-8D5E-6E4F04B8F941}.Release|Any CPU.Build.0 = Release|Any CPU
		{BF013CC7-A097-41DC-B1E0-A5A5CFCD4326}.Debug|Any CPU.ActiveCfg = Debug|Any CPU
		{BF013CC7-A097-41DC-B1E0-A5A5CFCD4326}.Debug|Any CPU.Build.0 = Debug|Any CPU
		{BF013CC7-A097-41DC-B1E0-A5A5CFCD4326}.Release|Any CPU.ActiveCfg = Release|Any CPU
		{BF013CC7-A097-41DC-B1E0-A5A5CFCD4326}.Release|Any CPU.Build.0 = Release|Any CPU
		{098DFC82-C849-4752-92A1-DE72D9EB2252}.Debug|Any CPU.ActiveCfg = Debug|Any CPU
		{098DFC82-C849-4752-92A1-DE72D9EB2252}.Debug|Any CPU.Build.0 = Debug|Any CPU
		{098DFC82-C849-4752-92A1-DE72D9EB2252}.Release|Any CPU.ActiveCfg = Release|Any CPU
		{098DFC82-C849-4752-92A1-DE72D9EB2252}.Release|Any CPU.Build.0 = Release|Any CPU
		{9F0BA8DB-9D24-45D7-8EE0-DB6A25C471E9}.Debug|Any CPU.ActiveCfg = Debug|Any CPU
		{9F0BA8DB-9D24-45D7-8EE0-DB6A25C471E9}.Debug|Any CPU.Build.0 = Debug|Any CPU
		{9F0BA8DB-9D24-45D7-8EE0-DB6A25C471E9}.Release|Any CPU.ActiveCfg = Release|Any CPU
		{9F0BA8DB-9D24-45D7-8EE0-DB6A25C471E9}.Release|Any CPU.Build.0 = Release|Any CPU
		{3EC91CA8-BC06-4AA7-86FA-BC439B9DAED9}.Debug|Any CPU.ActiveCfg = Debug|Any CPU
		{3EC91CA8-BC06-4AA7-86FA-BC439B9DAED9}.Debug|Any CPU.Build.0 = Debug|Any CPU
		{3EC91CA8-BC06-4AA7-86FA-BC439B9DAED9}.Release|Any CPU.ActiveCfg = Release|Any CPU
		{3EC91CA8-BC06-4AA7-86FA-BC439B9DAED9}.Release|Any CPU.Build.0 = Release|Any CPU
	EndGlobalSection
	GlobalSection(NestedProjects) = preSolution
		{9512DA91-9B46-4935-8707-7470111CFCE2} = {DF4201AF-C13E-4F56-9FF1-02C4051C0C5D}
		{3425A183-7211-4E63-A2FA-13F07B566C01} = {DF4201AF-C13E-4F56-9FF1-02C4051C0C5D}
		{507FEA19-485B-4B4F-AC25-1A271B36575F} = {A89055CD-3945-4060-A3EB-5EA6CA30C28E}
		{D1E842A6-B7B3-4D09-817A-1BA5375681F8} = {DC9353FA-933C-4119-BBC8-124390BE7E03}
		{0118CC28-5CBA-45E8-ABDC-E7EA9F73D963} = {966E2CD3-C3E4-4D82-8E75-CC2070E71C69}
		{B33B2B4C-BC7D-4BF2-93FF-1FB72A9ACE26} = {966E2CD3-C3E4-4D82-8E75-CC2070E71C69}
		{4483B1C2-E055-4A1A-BF49-8599D39BA14F} = {966E2CD3-C3E4-4D82-8E75-CC2070E71C69}
		{E6802262-9DCE-4266-A795-2C929AC95086} = {966E2CD3-C3E4-4D82-8E75-CC2070E71C69}
		{5E9C4E3D-78DC-4645-9D7D-6EA391F011D9} = {E6802262-9DCE-4266-A795-2C929AC95086}
		{BF013CC7-A097-41DC-B1E0-A5A5CFCD4326} = {E6802262-9DCE-4266-A795-2C929AC95086}
		{098DFC82-C849-4752-92A1-DE72D9EB2252} = {E6802262-9DCE-4266-A795-2C929AC95086}
		{727935D4-DB4B-4306-8D5E-6E4F04B8F941} = {E6802262-9DCE-4266-A795-2C929AC95086}
		{6C4E738E-3090-44F8-BB1E-10DA493B8A88} = {966E2CD3-C3E4-4D82-8E75-CC2070E71C69}
		{4294DE15-B7DE-4CFD-AC17-F0661427788F} = {966E2CD3-C3E4-4D82-8E75-CC2070E71C69}
		{B0A803A9-5584-4050-BADD-A3EA1620E7CA} = {4294DE15-B7DE-4CFD-AC17-F0661427788F}
		{1EBCF45D-29D7-4D57-95C4-F468B36B4B6D} = {4294DE15-B7DE-4CFD-AC17-F0661427788F}
		{9F0BA8DB-9D24-45D7-8EE0-DB6A25C471E9} = {6C4E738E-3090-44F8-BB1E-10DA493B8A88}
		{3EC91CA8-BC06-4AA7-86FA-BC439B9DAED9} = {A4797B32-5B30-4283-824D-5B6D87C78BD9}
	EndGlobalSection
EndGlobal
